{
  "version": "3",
  "packages": {
    "specifiers": {
      "jsr:@std/assert@^0.226.0": "jsr:@std/assert@0.226.0",
      "jsr:@std/media-types": "jsr:@std/media-types@0.224.1",
      "jsr:@std/path": "jsr:@std/path@0.225.2"
    },
    "jsr": {
      "@std/assert@0.226.0": {
        "integrity": "0dfb5f7c7723c18cec118e080fec76ce15b4c31154b15ad2bd74822603ef75b3"
      },
      "@std/media-types@0.224.1": {
        "integrity": "9e69a5daed37c5b5c6d3ce4731dc191f80e67f79bed392b0957d1d03b87f11e1"
      },
      "@std/path@0.225.2": {
        "integrity": "0f2db41d36b50ef048dcb0399aac720a5348638dd3cb5bf80685bf2a745aa506",
        "dependencies": [
          "jsr:@std/assert@^0.226.0"
        ]
      }
    }
  },
  "remote": {
    "https://deno.land/x/hono@v3.5.5/adapter/deno/serve-static.ts": "ba10cf6aaf39da942b0d49c3b9877ddba69d41d414c6551d890beb1085f58eea",
    "https://deno.land/x/hono@v3.5.5/client/client.ts": "e56bef190db745f83b3560562e4ef3716df372b416c6a05c2a8038b854fd2eb3",
    "https://deno.land/x/hono@v3.5.5/client/index.ts": "3ff4cf246f3543f827a85a2c84d66a025ac350ee927613629bda47e854bfb7ba",
    "https://deno.land/x/hono@v3.5.5/client/utils.ts": "053273c002963b549d38268a1b423ac8ca211a8028bdab1ed0b781a62aa5e661",
    "https://deno.land/x/hono@v3.5.5/compose.ts": "e55ed7be2134f363ff3c8e8e2f520ff682c6a11a47d7189100ed69704ce10b9e",
    "https://deno.land/x/hono@v3.5.5/context.ts": "87b2017a3396e1d84c91229ad7c3016670425508572c9855ec6c70fc4b9d1b84",
    "https://deno.land/x/hono@v3.5.5/helper/cookie/index.ts": "cef46836d186d9d920f620519f7e96fbe7326c19576b86e1e555ed2229476091",
    "https://deno.land/x/hono@v3.5.5/helper/html/index.ts": "a5028d8170dcc030d003749e743213e6532ff65798b741b81220207abc9af82d",
    "https://deno.land/x/hono@v3.5.5/hono-base.ts": "f7b5848f72de985b7cce9061526eba51c7cbe944f46d8e5dc5d09b21a20dbbd8",
    "https://deno.land/x/hono@v3.5.5/hono.ts": "4bb8574697129ccab8b3a0e457cdc78468c31e3330fece8a7d8850e9314bf5ef",
    "https://deno.land/x/hono@v3.5.5/http-exception.ts": "6071df078b5f76d279684d52fe82a590f447a64ffe1b75eb5064d0c8a8d2d676",
    "https://deno.land/x/hono@v3.5.5/jsx/index.ts": "7c49f4d770c837a0e8c18e76994553b8ea0e8b746240044cb5395c6ebf87fd6e",
    "https://deno.land/x/hono@v3.5.5/middleware.ts": "21032c8d8468435b4268accd540b469cd764edfa745b5e36244a76f9eb898f0c",
    "https://deno.land/x/hono@v3.5.5/middleware/basic-auth/index.ts": "5505288ccf9364f56f7be2dfac841543b72e20656e54ac646a1a73a0aa853261",
    "https://deno.land/x/hono@v3.5.5/middleware/bearer-auth/index.ts": "11d4ead9b57f5bcb2b6b4bf27076871f15da0e1e8828b2b79d90c15423357b47",
    "https://deno.land/x/hono@v3.5.5/middleware/cache/index.ts": "9e5d31d33206bb5dba46dde16ed606dd2cb361d75c26b02e02c72bd1fb6fe53e",
    "https://deno.land/x/hono@v3.5.5/middleware/compress/index.ts": "85d315c9a942d7758e5c524dc94b736124646a56752e56c6e4284f3989b4692a",
    "https://deno.land/x/hono@v3.5.5/middleware/cors/index.ts": "c227e20bdd6481120e39a222e8dcec24ab129714748f68f3ddc859ef6855fe0f",
    "https://deno.land/x/hono@v3.5.5/middleware/etag/index.ts": "2d71b48e74d80e899d5a34cbf900496dd732a2255740a77c41bdf2d723e3ed39",
    "https://deno.land/x/hono@v3.5.5/middleware/jwt/index.ts": "6a8fa9ca42e49756dd1b8db6f0abe5b6684681ece8fc7f65a4892f7a82000236",
    "https://deno.land/x/hono@v3.5.5/middleware/logger/index.ts": "c139f372f482baeffbad68b14bef990e011fe8df578dcee71fb612ffad7fe748",
    "https://deno.land/x/hono@v3.5.5/middleware/powered-by/index.ts": "c36b7a3d1322c6a37f3d1510f7ff04a85aa6cacfac2173e5f1913eb16c3cc869",
    "https://deno.land/x/hono@v3.5.5/middleware/pretty-json/index.ts": "f6967ceecdb42c95ddd5e2e7bc8545d3e8bda111fa659f3f1336b2e6fe6b0bb0",
    "https://deno.land/x/hono@v3.5.5/middleware/secure-headers/index.ts": "22ee5b8b436d6b3d46a6ce4387cd987f1affce25e813ade9ec371f156a16a871",
    "https://deno.land/x/hono@v3.5.5/middleware/timing/index.ts": "d6976a07d9d51a7b26dae1311fe51d0744f7d234498bac3fe024ec7088c0ca47",
    "https://deno.land/x/hono@v3.5.5/mod.ts": "eee0818e5c557b72863abdd68dcf6fd5277e6e85851a685c7398566f2c12947c",
    "https://deno.land/x/hono@v3.5.5/request.ts": "77d67266e47fbaf0145f069e2fb02799b8d54504bb8c945c8b65a513bdd11aa9",
    "https://deno.land/x/hono@v3.5.5/router.ts": "d03e2a9e862c898e8555b451ba80c65b1f39d487230815229e1f046dbd8546cb",
    "https://deno.land/x/hono@v3.5.5/router/linear-router/index.ts": "8a2a7144c50b1f4a92d9ee99c2c396716af144c868e10608255f969695efccd0",
    "https://deno.land/x/hono@v3.5.5/router/linear-router/router.ts": "90d4afc052b72f53dafbcf97fd32f24299b985f8a35dbdc70b28048201b3dcbc",
    "https://deno.land/x/hono@v3.5.5/router/pattern-router/index.ts": "304a66c50e243872037ed41c7dd79ed0c89d815e17e172e7ad7cdc4bc07d3383",
    "https://deno.land/x/hono@v3.5.5/router/pattern-router/router.ts": "8107b92cb713ba3727639c76fab44fd26883d5f2fa7dd39242150a0f269d4835",
    "https://deno.land/x/hono@v3.5.5/router/reg-exp-router/index.ts": "52755829213941756159b7a963097bafde5cc4fc22b13b1c7c9184dc0512d1db",
    "https://deno.land/x/hono@v3.5.5/router/reg-exp-router/node.ts": "8006b5bccb83d9fc98e0562a5545f6dd0be639ce445b089a6171c9c617aa8693",
    "https://deno.land/x/hono@v3.5.5/router/reg-exp-router/router.ts": "aeddd88e16a7ec3cf088a13ee952cfcb3319f97559767253e1a600f72fc70f27",
    "https://deno.land/x/hono@v3.5.5/router/reg-exp-router/trie.ts": "567493b301c44174f0895aedb8d055bbecf88f8a25626fa8ca61333bbd0c882c",
    "https://deno.land/x/hono@v3.5.5/router/smart-router/index.ts": "74f9b4fe15ea535900f2b9b048581915f12fe94e531dd2b0032f5610e61c3bef",
    "https://deno.land/x/hono@v3.5.5/router/smart-router/router.ts": "38209165dadea4182b42807a0a6c84a9258532a07ebf87262dc2b5b09d25a2a2",
    "https://deno.land/x/hono@v3.5.5/router/trie-router/index.ts": "3eb75e7f71ba81801631b30de6b1f5cefb2c7239c03797e2b2cbab5085911b41",
    "https://deno.land/x/hono@v3.5.5/router/trie-router/node.ts": "a52111dea7436d6817ffca04018eb65e552e9d7b15fba11b367016334dcb1b0f",
    "https://deno.land/x/hono@v3.5.5/router/trie-router/router.ts": "ad0b3fdabc33abd11a9f5819734aec743602a743cfc9f90ddad73787cd5e7727",
    "https://deno.land/x/hono@v3.5.5/types.ts": "73dc543f778fb948e96c023d67fcc50bbd0cc145743bb26e8838249d3a77b124",
    "https://deno.land/x/hono@v3.5.5/utils/body.ts": "bf2b7732c5941a1024ed5a6017c37ac4edc341379a6d93233f05faa0b37bbff0",
    "https://deno.land/x/hono@v3.5.5/utils/buffer.ts": "d28ab08d2571e890ec2ad7ce4c0318a503094f8403eac3d5eb18a8e5c23b29b2",
    "https://deno.land/x/hono@v3.5.5/utils/cookie.ts": "3585fd451de104e7e090d5b4d685f71b528873b21a634cb96b19fed622fe4384",
    "https://deno.land/x/hono@v3.5.5/utils/crypto.ts": "bda0e141bbe46d3a4a20f8fbcb6380d473b617123d9fdfa93e4499410b537acc",
    "https://deno.land/x/hono@v3.5.5/utils/encode.ts": "3b7c7d736123b5073542b34321700d4dbf5ff129c138f434bb2144a4d425ee89",
    "https://deno.land/x/hono@v3.5.5/utils/filepath.ts": "0059e4d88e62c3630aa67bd51eca0a6d4767c7e5d472d0ea2e1fec691008d152",
    "https://deno.land/x/hono@v3.5.5/utils/html.ts": "9dac0ef4014170bbd387c20913e60d6f506ecd95ba931c0e5a86e50962c118fe",
    "https://deno.land/x/hono@v3.5.5/utils/jwt/index.ts": "5e4b82a42eb3603351dfce726cd781ca41cb57437395409d227131aec348d2d5",
    "https://deno.land/x/hono@v3.5.5/utils/jwt/jwt.ts": "e822e0c183cdc77709ccfba7b527f624f695c149425a00602d314165a87ee1bf",
    "https://deno.land/x/hono@v3.5.5/utils/jwt/types.ts": "16d7fa878a875eddd0049f0aa0192075058f19d51816a5d484d9b80e4d27abea",
    "https://deno.land/x/hono@v3.5.5/utils/mime.ts": "0105d2b5e8e91f07acc70f5d06b388313995d62af23c802fcfba251f5a744d95",
    "https://deno.land/x/hono@v3.5.5/utils/url.ts": "5fc3307ef3cb2e6f34ec2a03e3d7f2126c6a9f5f0eab677222df3f0e40bd7567",
    "https://deno.land/x/hono@v3.5.5/validator/index.ts": "6c986e8b91dcf857ecc8164a506ae8eea8665792a4ff7215471df669c632ae7c",
    "https://deno.land/x/hono@v3.5.5/validator/validator.ts": "0b0ed07a8a8e3ff98cbf20f185e332f70d353c696f16e75dd1a665e2762a2ecb"
  },
  "workspace": {
    "packageJson": {
      "dependencies": [
        "npm:@docusaurus/core@^3.4.0",
        "npm:@docusaurus/module-type-aliases@^3.4.0",
        "npm:@docusaurus/plugin-google-tag-manager@^3.4.0",
        "npm:@docusaurus/preset-classic@^3.4.0",
        "npm:@docusaurus/theme-search-algolia@^3.4.0",
        "npm:@docusaurus/tsconfig@^3.4.0",
        "npm:@mdx-js/react@^3.0.0",
        "npm:@readme/openapi-parser@^2.5.0",
        "npm:@types/react-dom@^18.2.7",
        "npm:@types/react@^18.2.20",
        "npm:autoprefixer@^10.4.15",
        "npm:clsx@^1.2.1",
        "npm:escape-string-regexp@^2.0.0",
        "npm:lodash.template@^4.5.0",
        "npm:markdown-it@^13.0.2",
        "npm:node-polyfill-webpack-plugin@^4.0.0",
        "npm:postcss@^8.4.28",
        "npm:prism-react-renderer@^1.3.5",
        "npm:prismjs@^1.29.0",
        "npm:react-dom@^18.0.0",
        "npm:react@^18.0.0",
        "npm:tailwindcss@^3.3.3",
        "npm:typescript@^4.7.4",
        "npm:unist-util-visit-parents@^3.1.1",
        "npm:unist-util-visit@^2.0.1",
        "npm:util@^0.12.5",
        "npm:vitest@^1.5.3"
      ]
    }
  }
}
