{
  "version": "4",
  "specifiers": {
    "jsr:@b-fuze/deno-dom@^0.1.47": "jsr:@b-fuze/deno-dom@0.1.48",
    "jsr:@david/code-block-writer@^13": "jsr:@david/code-block-writer@13.0.2",
    "jsr:@david/dax@^0.40.1": "jsr:@david/dax@0.40.1",
    "jsr:@david/which@0.3": "jsr:@david/which@0.3.0",
    "jsr:@std/assert@^0.221.0": "jsr:@std/assert@0.221.0",
    "jsr:@std/assert@^0.226.0": "jsr:@std/assert@0.226.0",
    "jsr:@std/async@^0.224.2": "jsr:@std/async@0.224.2",
    "jsr:@std/bytes@^0.221.0": "jsr:@std/bytes@0.221.0",
    "jsr:@std/fmt@^0.221.0": "jsr:@std/fmt@0.221.0",
    "jsr:@std/fs@0.221.0": "jsr:@std/fs@0.221.0",
    "jsr:@std/fs@^0.229.3": "jsr:@std/fs@0.229.3",
    "jsr:@std/fs@^1.0.1": "jsr:@std/fs@1.0.3",
    "jsr:@std/io@0.221.0": "jsr:@std/io@0.221.0",
    "jsr:@std/io@^0.221.0": "jsr:@std/io@0.221.0",
    "jsr:@std/media-types@^0.224.1": "jsr:@std/media-types@0.224.1",
    "jsr:@std/path@0.221.0": "jsr:@std/path@0.221.0",
    "jsr:@std/path@1.0.0-rc.1": "jsr:@std/path@1.0.0-rc.1",
    "jsr:@std/path@^0.221.0": "jsr:@std/path@0.221.0",
    "jsr:@std/path@^0.225.1": "jsr:@std/path@0.225.2",
    "jsr:@std/path@^0.225.2": "jsr:@std/path@0.225.2",
    "jsr:@std/path@^1.0.4": "jsr:@std/path@1.0.6",
    "jsr:@std/streams@0.221.0": "jsr:@std/streams@0.221.0",
    "jsr:@std/yaml@^1.0.3": "jsr:@std/yaml@1.0.5",
    "jsr:@ts-morph/common@^0.24.0": "jsr:@ts-morph/common@0.24.0",
    "jsr:@ts-morph/ts-morph@23.0.0": "jsr:@ts-morph/ts-morph@23.0.0",
    "npm:@types/node@20.12.7": "npm:@types/node@20.12.7",
    "npm:browserslist@4.23.0": "npm:browserslist@4.23.0",
    "npm:lightningcss@1.15": "npm:lightningcss@1.15.1"
  },
  "jsr": {
    "@b-fuze/deno-dom@0.1.48": {
      "integrity": "bf5b591aef2e9e9c59adfcbb93a9ecd45bab5b7c8263625beafa5c8f1662e7da"
    },
    "@david/code-block-writer@13.0.2": {
      "integrity": "14dd3baaafa3a2dea8bf7dfbcddeccaa13e583da2d21d666c01dc6d681cd74ad"
    },
    "@david/dax@0.40.1": {
      "integrity": "0c71d32a0484d3904f586417995f8ec26d45144f0eba95d3e5bb03b640b6df59",
      "dependencies": [
        "jsr:@david/which",
        "jsr:@std/fmt",
        "jsr:@std/fs@0.221.0",
        "jsr:@std/io@0.221.0",
        "jsr:@std/path@0.221.0",
        "jsr:@std/streams"
      ]
    },
    "@david/which@0.3.0": {
      "integrity": "6bdb62c40ac90edcf328e854fa8103a8db21e7c326089cbe3c3a1cf7887d3204"
    },
    "@std/assert@0.221.0": {
      "integrity": "a5f1aa6e7909dbea271754fd4ab3f4e687aeff4873b4cef9a320af813adb489a"
    },
    "@std/assert@0.226.0": {
      "integrity": "0dfb5f7c7723c18cec118e080fec76ce15b4c31154b15ad2bd74822603ef75b3"
    },
    "@std/async@0.224.2": {
      "integrity": "4d277d6e165df43d5e061ba0ef3edfddb8e8d558f5b920e3e6b1d2614b44d074"
    },
    "@std/bytes@0.221.0": {
      "integrity": "64a047011cf833890a4a2ab7293ac55a1b4f5a050624ebc6a0159c357de91966"
    },
    "@std/fmt@0.221.0": {
      "integrity": "379fed69bdd9731110f26b9085aeb740606b20428ce6af31ef6bd45ef8efa62a"
    },
    "@std/fs@0.221.0": {
      "integrity": "028044450299de8ed5a716ade4e6d524399f035513b85913794f4e81f07da286",
      "dependencies": [
        "jsr:@std/assert@^0.221.0",
        "jsr:@std/path@^0.221.0"
      ]
    },
    "@std/fs@0.229.3": {
      "integrity": "783bca21f24da92e04c3893c9e79653227ab016c48e96b3078377ebd5222e6eb",
      "dependencies": [
        "jsr:@std/path@1.0.0-rc.1"
      ]
    },
    "@std/fs@1.0.3": {
      "integrity": "3cb839b1360b0a42d8b367c3093bfe4071798e6694fa44cf1963e04a8edba4fe",
      "dependencies": [
        "jsr:@std/path@^1.0.4"
      ]
    },
    "@std/io@0.221.0": {
      "integrity": "faf7f8700d46ab527fa05cc6167f4b97701a06c413024431c6b4d207caa010da",
      "dependencies": [
        "jsr:@std/assert@^0.221.0",
        "jsr:@std/bytes"
      ]
    },
    "@std/media-types@0.224.1": {
      "integrity": "9e69a5daed37c5b5c6d3ce4731dc191f80e67f79bed392b0957d1d03b87f11e1"
    },
    "@std/path@0.221.0": {
      "integrity": "0a36f6b17314ef653a3a1649740cc8db51b25a133ecfe838f20b79a56ebe0095",
      "dependencies": [
        "jsr:@std/assert@^0.221.0"
      ]
    },
    "@std/path@0.225.2": {
      "integrity": "0f2db41d36b50ef048dcb0399aac720a5348638dd3cb5bf80685bf2a745aa506",
      "dependencies": [
        "jsr:@std/assert@^0.226.0"
      ]
    },
    "@std/path@1.0.0-rc.1": {
      "integrity": "b8c00ae2f19106a6bb7cbf1ab9be52aa70de1605daeb2dbdc4f87a7cbaf10ff6"
    },
    "@std/path@1.0.6": {
      "integrity": "ab2c55f902b380cf28e0eec501b4906e4c1960d13f00e11cfbcd21de15f18fed"
    },
    "@std/streams@0.221.0": {
      "integrity": "47f2f74634b47449277c0ee79fe878da4424b66bd8975c032e3afdca88986e61",
      "dependencies": [
        "jsr:@std/io@^0.221.0"
      ]
    },
    "@std/yaml@1.0.5": {
      "integrity": "71ba3d334305ee2149391931508b2c293a8490f94a337eef3a09cade1a2a2742"
    },
    "@ts-morph/common@0.24.0": {
      "integrity": "12b625b8e562446ba658cdbe9ad77774b4bd96b992ae8bd34c60dbf24d06c1f3",
      "dependencies": [
        "jsr:@std/fs@^0.229.3",
        "jsr:@std/path@^0.225.2"
      ]
    },
    "@ts-morph/ts-morph@23.0.0": {
      "integrity": "5c5bf3187fc3d696ca0cc295e9e024e9c8d52051852cfea67f8e932cfbde0810",
      "dependencies": [
        "jsr:@david/code-block-writer",
        "jsr:@ts-morph/common"
      ]
    }
  },
  "npm": {
    "@types/node@20.12.7": {
      "integrity": "sha512-wq0cICSkRLVaf3UGLMGItu/PtdY7oaXaI/RVU+xliKVOtRna3PRY57ZDfztpDL0n11vfymMUnXv8QwYCO7L1wg==",
      "dependencies": [
        "undici-types"
      ]
    },
    "browserslist@4.23.0": {
      "integrity": "sha512-QW8HiM1shhT2GuzkvklfjcKDiWFXHOeFCIA/huJPwHsslwcydgk7X+z2zXpEijP98UCY7HbubZt5J2Zgvf0CaQ==",
      "dependencies": [
        "caniuse-lite",
        "electron-to-chromium",
        "node-releases",
        "update-browserslist-db"
      ]
    },
    "caniuse-lite@1.0.30001657": {
      "integrity": "sha512-DPbJAlP8/BAXy3IgiWmZKItubb3TYGP0WscQQlVGIfT4s/YlFYVuJgyOsQNP7rJRChx/qdMeLJQJP0Sgg2yjNA=="
    },
    "detect-libc@1.0.3": {
      "integrity": "sha512-pGjwhsmsp4kL2RTz08wcOlGN83otlqHeD/Z5T8GXZB+/YcpQ/dgo+lbU8ZsGxV0HIvqqxo9l7mqYwyYMD9bKDg=="
    },
    "electron-to-chromium@1.5.14": {
      "integrity": "sha512-bEfPECb3fJ15eaDnu9LEJ2vPGD6W1vt7vZleSVyFhYuMIKm3vz/g9lt7IvEzgdwj58RjbPKUF2rXTCN/UW47tQ=="
    },
    "escalade@3.2.0": {
      "integrity": "sha512-WUj2qlxaQtO4g6Pq5c29GTcWGDyd8itL8zTlipgECz3JesAiiOKotd8JU6otB3PACgG6xkJUyVhboMS+bje/jA=="
    },
    "lightningcss-darwin-arm64@1.15.1": {
      "integrity": "sha512-4bqe9OCWzj8gPgwzpDK7TPopIoKx9CQMPVN83/+T5LVLkh9sSS0ltZLjAFI399GIkC6idl6rguUQ5qPeq4yxsQ=="
    },
    "lightningcss-darwin-x64@1.15.1": {
      "integrity": "sha512-1W7kt2Nd0lPFkZ5VzieJfs/ePVADysM3FS33HcUUzktE52vWL2B6S4ntWibHj6Ccg/lDH5o6GiLcCYwpOPLHug=="
    },
    "lightningcss-linux-arm-gnueabihf@1.15.1": {
      "integrity": "sha512-8FijfM4HGJPCQPB9nAaTjdOE2PGQYE66t1wvV+SR915dEePn4yyRdCBJitlas5B6aTAE2AMwEuEl1i/pVDmkGw=="
    },
    "lightningcss-linux-arm64-gnu@1.15.1": {
      "integrity": "sha512-ZhCv3MlApRTIwszlNQ2t7FST7qK+M1iP6apTvOetPwDlzOMZ5dcH0a1453JPm4CwOSzHZ8079gnb5EqtU4+pjg=="
    },
    "lightningcss-linux-arm64-musl@1.15.1": {
      "integrity": "sha512-cGhslFivvMLSIsesZbEaUurXRJMGUftHukiY5DjWtXkA2iIqqV7TyK3j6ZJPy76hlRKsjU/WO8CrabAvr6kmsw=="
    },
    "lightningcss-linux-x64-gnu@1.15.1": {
      "integrity": "sha512-uVfUgRUjq7laAR9A027oqGPcq72Y/hPVEEqb9agWzNqYvZyT0VAqNxp9g2ncL//gOD1vTwQntcwDhrI5VE2PCw=="
    },
    "lightningcss-linux-x64-musl@1.15.1": {
      "integrity": "sha512-n2cRPHxL57N+YMsBodF9HogieOicmlQVUCFM+RF0FOzayA8LdypacNWI3EDzbERWfkBAWtx2eLvV50DOJrkQdg=="
    },
    "lightningcss-win32-x64-msvc@1.15.1": {
      "integrity": "sha512-wHGJZnCmHU14cL3mmVNZm1yDz55m8EKxwPhACZTq+/QOvLMeIXQ4qLvNzdvtVL5KESPwz4hjYsYsSNCtpcTfOA=="
    },
    "lightningcss@1.15.1": {
      "integrity": "sha512-d4fqKl8sqpdM27OsseAbKKxhD2otiu6stS7yWlm/DA7wOQAIDKMu/dke54cEN8ED19v9H2pEzMPGTsRfnq3Rdg==",
      "dependencies": [
        "detect-libc",
        "lightningcss-darwin-arm64",
        "lightningcss-darwin-x64",
        "lightningcss-linux-arm-gnueabihf",
        "lightningcss-linux-arm64-gnu",
        "lightningcss-linux-arm64-musl",
        "lightningcss-linux-x64-gnu",
        "lightningcss-linux-x64-musl",
        "lightningcss-win32-x64-msvc"
      ]
    },
    "node-releases@2.0.18": {
      "integrity": "sha512-d9VeXT4SJ7ZeOqGX6R5EM022wpL+eWPooLI+5UpWn2jCT1aosUQEhQP214x33Wkwx3JQMvIm+tIoVOdodFS40g=="
    },
    "picocolors@1.1.0": {
      "integrity": "sha512-TQ92mBOW0l3LeMeyLV6mzy/kWr8lkd/hp3mTg7wYK7zJhuBStmGMBG0BdeDZS/dZx1IukaX6Bk11zcln25o1Aw=="
    },
    "undici-types@5.26.5": {
      "integrity": "sha512-JlCMO+ehdEIKqlFxk6IfVoAUVmgz7cU7zD/h9XZ0qzeosSHmUJVOzSQvvYSYWXkFXC+IfLKSIffhv0sVZup6pA=="
    },
    "update-browserslist-db@1.1.0_browserslist@4.23.0": {
      "integrity": "sha512-EdRAaAyk2cUE1wOf2DkEhzxqOQvFOoRJFNS6NeyJ01Gp2beMRpBAINjM2iDXE3KCuKhwnvHIQCJm6ThL2Z+HzQ==",
      "dependencies": [
        "browserslist",
        "escalade",
        "picocolors"
      ]
    }
  },
  "workspace": {
    "dependencies": [
      "jsr:@b-fuze/deno-dom@^0.1.47",
      "jsr:@david/dax@^0.40.1",
      "jsr:@std/async@^0.224.2",
      "jsr:@std/fs@^1.0.1",
      "jsr:@std/media-types@^0.224.1",
      "jsr:@std/path@^0.225.1",
      "jsr:@std/yaml@^1.0.3",
      "jsr:@ts-morph/ts-morph@23.0.0",
      "npm:@types/node@20.12.7",
      "npm:browserslist@4.23.0",
      "npm:lightningcss@1.15"
    ]
  }
}
